
Microsoft Visual Studio Solution File, Format Version 12.00
# Visual Studio Version 16
VisualStudioVersion = 16.0.31025.194
MinimumVisualStudioVersion = 10.0.40219.1
Project("{8BC9CEB8-8B4A-11D0-8D11-00A0C91BC942}") = "Practice_Algorithm_C", "Practice_Algorithm_C\Practice_Algorithm_C.vcxproj", "{24A75429-D87E-4F2D-8C61-FC9484322B2B}"
EndProject
Global
	GlobalSection(SolutionConfigurationPlatforms) = preSolution
		Debug|x64 = Debug|x64
		Debug|x86 = Debug|x86
		Release|x64 = Release|x64
		Release|x86 = Release|x86
	EndGlobalSection
	GlobalSection(ProjectConfigurationPlatforms) = postSolution
		{24A75429-D87E-4F2D-8C61-FC9484322B2B}.Debug|x64.ActiveCfg = Debug|x64
		{24A75429-D87E-4F2D-8C61-FC9484322B2B}.Debug|x64.Build.0 = Debug|x64
		{24A75429-D87E-4F2D-8C61-FC9484322B2B}.Debug|x86.ActiveCfg = Debug|Win32
		{24A75429-D87E-4F2D-8C61-FC9484322B2B}.Debug|x86.Build.0 = Debug|Win32
		{24A75429-D87E-4F2D-8C61-FC9484322B2B}.Release|x64.ActiveCfg = Release|x64
		{24A75429-D87E-4F2D-8C61-FC9484322B2B}.Release|x64.Build.0 = Release|x64
		{24A75429-D87E-4F2D-8C61-FC9484322B2B}.Release|x86.ActiveCfg = Release|Win32
		{24A75429-D87E-4F2D-8C61-FC9484322B2B}.Release|x86.Build.0 = Release|Win32
	EndGlobalSection
	GlobalSection(SolutionProperties) = preSolution
		HideSolutionNode = FALSE
	EndGlobalSection
	GlobalSection(ExtensibilityGlobals) = postSolution
		SolutionGuid = {FA39DE27-201D-4200-9238-A126546D7CE3}
	EndGlobalSection
EndGlobal
